# This file is automatically @generated by Poetry 2.4.1 and should not be changed by hand.

[[package]]
name = "slugkit"
version = "0.3.0"
description = "Turn titles into URL slugs, from Python or the command line."
optional = false
python-versions = ">=3.13"
groups = ["main"]
files = []
develop = true

[package.source]
type = "directory"
url = "../slugkit"

[metadata]
lock-version = "2.1"
python-versions = ">=3.13"
content-hash = "14f3addeeda8a60bd7490851711609f10ea2d5f8dcbf7a168c5dd1192781cd67"
